
Microsoft Visual Studio Solution File, Format Version 12.00
# Visual Studio 15
VisualStudioVersion = 15.0.27428.2043
MinimumVisualStudioVersion = 10.0.40219.1
Project("{FAE04EC0-301F-11D3-BF4B-00C04F79EFBC}") = "AutoUpdate", "AutoUpdate\AutoUpdate.csproj", "{6FF0C697-975B-45A4-9487-2246BDDE8AA8}"
EndProject
Project("{FAE04EC0-301F-11D3-BF4B-00C04F79EFBC}") = "UpdateAssistant", "UpdateAssistant\UpdateAssistant.csproj", "{7A04A882-7D15-4854-BF47-9F52AD9F3D43}"
EndProject
Project("{FAE04EC0-301F-11D3-BF4B-00C04F79EFBC}") = "ConFile", "ConFile\ConFile.csproj", "{D0290C3A-F3F8-4564-94A5-FB0E33F4A92C}"
EndProject
Global
	GlobalSection(SolutionConfigurationPlatforms) = preSolution
		Debug|Any CPU = Debug|Any CPU
		Release|Any CPU = Release|Any CPU
	EndGlobalSection
	GlobalSection(ProjectConfigurationPlatforms) = postSolution
		{6FF0C697-975B-45A4-9487-2246BDDE8AA8}.Debug|Any CPU.ActiveCfg = Debug|Any CPU
		{6FF0C697-975B-45A4-9487-2246BDDE8AA8}.Debug|Any CPU.Build.0 = Debug|Any CPU
		{6FF0C697-975B-45A4-9487-2246BDDE8AA8}.Release|Any CPU.ActiveCfg = Release|Any CPU
		{6FF0C697-975B-45A4-9487-2246BDDE8AA8}.Release|Any CPU.Build.0 = Release|Any CPU
		{7A04A882-7D15-4854-BF47-9F52AD9F3D43}.Debug|Any CPU.ActiveCfg = Debug|Any CPU
		{7A04A882-7D15-4854-BF47-9F52AD9F3D43}.Debug|Any CPU.Build.0 = Debug|Any CPU
		{7A04A882-7D15-4854-BF47-9F52AD9F3D43}.Release|Any CPU.ActiveCfg = Release|Any CPU
		{7A04A882-7D15-4854-BF47-9F52AD9F3D43}.Release|Any CPU.Build.0 = Release|Any CPU
		{D0290C3A-F3F8-4564-94A5-FB0E33F4A92C}.Debug|Any CPU.ActiveCfg = Debug|Any CPU
		{D0290C3A-F3F8-4564-94A5-FB0E33F4A92C}.Debug|Any CPU.Build.0 = Debug|Any CPU
		{D0290C3A-F3F8-4564-94A5-FB0E33F4A92C}.Release|Any CPU.ActiveCfg = Release|Any CPU
		{D0290C3A-F3F8-4564-94A5-FB0E33F4A92C}.Release|Any CPU.Build.0 = Release|Any CPU
	EndGlobalSection
	GlobalSection(SolutionProperties) = preSolution
		HideSolutionNode = FALSE
	EndGlobalSection
	GlobalSection(ExtensibilityGlobals) = postSolution
		SolutionGuid = {D9F27B88-C0C8-4C19-8B59-DA3896579F27}
	EndGlobalSection
EndGlobal
